
Microsoft Visual Studio Solution File, Format Version 12.00
# Visual Studio Version 17
VisualStudioVersion = 17.3.32929.385
MinimumVisualStudioVersion = 10.0.40219.1
Project("{54A90642-561A-4BB1-A94E-469ADEE60C69}") = "krokus-ui", "krokus-ui\krokus-ui.esproj", "{3A3EC769-6B23-4B24-81B0-27153264D62E}"
EndProject
Project("{FAE04EC0-301F-11D3-BF4B-00C04F79EFBC}") = "krokus-api", "krokus-api\krokus-api.csproj", "{B2E3EBE3-E6FC-4773-BC89-5FEBEDE319C1}"
EndProject
Global
	GlobalSection(SolutionConfigurationPlatforms) = preSolution
		Debug|Any CPU = Debug|Any CPU
		Release|Any CPU = Release|Any CPU
	EndGlobalSection
	GlobalSection(ProjectConfigurationPlatforms) = postSolution
		{3A3EC769-6B23-4B24-81B0-27153264D62E}.Debug|Any CPU.ActiveCfg = Debug|Any CPU
		{3A3EC769-6B23-4B24-81B0-27153264D62E}.Debug|Any CPU.Build.0 = Debug|Any CPU
		{3A3EC769-6B23-4B24-81B0-27153264D62E}.Debug|Any CPU.Deploy.0 = Debug|Any CPU
		{3A3EC769-6B23-4B24-81B0-27153264D62E}.Release|Any CPU.ActiveCfg = Release|Any CPU
		{3A3EC769-6B23-4B24-81B0-27153264D62E}.Release|Any CPU.Build.0 = Release|Any CPU
		{3A3EC769-6B23-4B24-81B0-27153264D62E}.Release|Any CPU.Deploy.0 = Release|Any CPU
		{B2E3EBE3-E6FC-4773-BC89-5FEBEDE319C1}.Debug|Any CPU.ActiveCfg = Debug|Any CPU
		{B2E3EBE3-E6FC-4773-BC89-5FEBEDE319C1}.Debug|Any CPU.Build.0 = Debug|Any CPU
		{B2E3EBE3-E6FC-4773-BC89-5FEBEDE319C1}.Release|Any CPU.ActiveCfg = Release|Any CPU
		{B2E3EBE3-E6FC-4773-BC89-5FEBEDE319C1}.Release|Any CPU.Build.0 = Release|Any CPU
	EndGlobalSection
	GlobalSection(SolutionProperties) = preSolution
		HideSolutionNode = FALSE
	EndGlobalSection
	GlobalSection(ExtensibilityGlobals) = postSolution
		SolutionGuid = {B0E3506D-986E-41CA-B933-2653B5F14D14}
	EndGlobalSection
EndGlobal
